// !$*UTF8*$!
{
	archiveVersion = 1;
	classes = {
	};
	objectVersion = 46;
	objects = {

/* Begin PBXBuildFile section */
		A1085C751C9E097A00F67E98 /* AppDelegate.swift in Sources */ = {isa = PBXBuildFile; fileRef = A1085C741C9E097A00F67E98 /* AppDelegate.swift */; };
		A1085C771C9E097A00F67E98 /* ViewController.swift in Sources */ = {isa = PBXBuildFile; fileRef = A1085C761C9E097A00F67E98 /* ViewController.swift */; };
		A1085C7A1C9E097A00F67E98 /* Main.storyboard in Resources */ = {isa = PBXBuildFile; fileRef = A1085C781C9E097A00F67E98 /* Main.storyboard */; };
		A1085C7C1C9E097A00F67E98 /* Assets.xcassets in Resources */ = {isa = PBXBuildFile; fileRef = A1085C7B1C9E097A00F67E98 /* Assets.xcassets */; };
		A1085C7F1C9E097A00F67E98 /* LaunchScreen.storyboard in Resources */ = {isa = PBXBuildFile; fileRef = A1085C7D1C9E097A00F67E98 /* LaunchScreen.storyboard */; };
/* End PBXBuildFile section */

/* Begin PBXFileReference section */
		A1085C711C9E097A00F67E98 /* gitHubPractice2.app */ = {isa = PBXFileReference; explicitFileType = wrapper.application; includeInIndex = 0; path = gitHubPractice2.app; sourceTree = BUILT_PRODUCTS_DIR; };
		A1085C741C9E097A00F67E98 /* AppDelegate.swift */ = {isa = PBXFileReference; lastKnownFileType = sourcecode.swift; path = AppDelegate.swift; sourceTree = "<group>"; };
		A1085C761C9E097A00F67E98 /* ViewController.swift */ = {isa = PBXFileReference; lastKnownFileType = sourcecode.swift; path = ViewController.swift; sourceTree = "<group>"; };
		A1085C791C9E097A00F67E98 /* Base */ = {isa = PBXFileReference; lastKnownFileType = file.storyboard; name = Base; path = Base.lproj/Main.storyboard; sourceTree = "<group>"; };
		A1085C7B1C9E097A00F67E98 /* Assets.xcassets */ = {isa = PBXFileReference; lastKnownFileType = folder.assetcatalog; path = Assets.xcassets; sourceTree = "<group>"; };
		A1085C7E1C9E097A00F67E98 /* Base */ = {isa = PBXFileReference; lastKnownFileType = file.storyboard; name = Base; path = Base.lproj/LaunchScreen.storyboard; sourceTree = "<group>"; };
		A1085C801C9E097A00F67E98 /* Info.plist */ = {isa = PBXFileReference; lastKnownFileType = text.plist.xml; path = Info.plist; sourceTree = "<group>"; };
/* End PBXFileReference section */

/* Begin PBXFrameworksBuildPhase section */
		A1085C6E1C9E097A00F67E98 /* Frameworks */ = {
			isa = PBXFrameworksBuildPhase;
			buildActionMask = 2147483647;
			files = (
			);
			runOnlyForDeploymentPostprocessing = 0;
		};
/* End PBXFrameworksBuildPhase section */

/* Begin PBXGroup section */
		A1085C681C9E097A00F67E98 = {
			isa = PBXGroup;
			children = (
				A1085C731C9E097A00F67E98 /* gitHubPractice2 */,
				A1085C721C9E097A00F67E98 /* Products */,
			);
			sourceTree = "<group>";
		};
		A1085C721C9E097A00F67E98 /* Products */ = {
			isa = PBXGroup;
			children = (
				A1085C711C9E097A00F67E98 /* gitHubPractice2.app */,
			);
			name = Products;
			sourceTree = "<group>";
		};
		A1085C731C9E097A00F67E98 /* gitHubPractice2 */ = {
			isa = PBXGroup;
			children = (
				A1085C741C9E097A00F67E98 /* AppDelegate.swift */,
				A1085C761C9E097A00F67E98 /* ViewController.swift */,
				A1085C781C9E097A00F67E98 /* Main.storyboard */,
				A1085C7B1C9E097A00F67E98 /* Assets.xcassets */,
				A1085C7D1C9E097A00F67E98 /* LaunchScreen.storyboard */,
				A1085C801C9E097A00F67E98 /* Info.plist */,
			);
			path = gitHubPractice2;
			sourceTree = "<group>";
		};
/* End PBXGroup section */

/* Begin PBXNativeTarget section */
		A1085C701C9E097A00F67E98 /* gitHubPractice2 */ = {
			isa = PBXNativeTarget;
			buildConfigurationList = A1085C831C9E097A00F67E98 /* Build configuration list for PBXNativeTarget "gitHubPractice2" */;
			buildPhases = (
				A1085C6D1C9E097A00F67E98 /* Sources */,
				A1085C6E1C9E097A00F67E98 /* Frameworks */,
				A1085C6F1C9E097A00F67E98 /* Resources */,
			);
			buildRules = (
			);
			dependencies = (
			);
			name = gitHubPractice2;
			productName = gitHubPractice2;
			productReference = A1085C711C9E097A00F67E98 /* gitHubPractice2.app */;
			productType = "com.apple.product-type.application";
		};
/* End PBXNativeTarget section */

/* Begin PBXProject section */
		A1085C691C9E097A00F67E98 /* Project object */ = {
			isa = PBXProject;
			attributes = {
				LastSwiftUpdateCheck = 0720;
				LastUpgradeCheck = 0720;
				ORGANIZATIONNAME = "Chris Hovey";
				TargetAttributes = {
					A1085C701C9E097A00F67E98 = {
						CreatedOnToolsVersion = 7.2;
						DevelopmentTeam = 3723XBBGR7;
					};
				};
			};
			buildConfigurationList = A1085C6C1C9E097A00F67E98 /* Build configuration list for PBXProject "gitHubPractice2" */;
			compatibilityVersion = "Xcode 3.2";
			developmentRegion = English;
			hasScannedForEncodings = 0;
			knownRegions = (
				en,
				Base,
			);
			mainGroup = A1085C681C9E097A00F67E98;
			productRefGroup = A1085C721C9E097A00F67E98 /* Products */;
			projectDirPath = "";
			projectRoot = "";
			targets = (
				A1085C701C9E097A00F67E98 /* gitHubPractice2 */,
			);
		};
/* End PBXProject section */

/* Begin PBXResourcesBuildPhase section */
		A1085C6F1C9E097A00F67E98 /* Resources */ = {
			isa = PBXResourcesBuildPhase;
			buildActionMask = 2147483647;
			files = (
				A1085C7F1C9E097A00F67E98 /* LaunchScreen.storyboard in Resources */,
				A1085C7C1C9E097A00F67E98 /* Assets.xcassets in Resources */,
				A1085C7A1C9E097A00F67E98 /* Main.storyboard in Resources */,
			);
			runOnlyForDeploymentPostprocessing = 0;
		};
/* End PBXResourcesBuildPhase section */

/* Begin PBXSourcesBuildPhase section */
		A1085C6D1C9E097A00F67E98 /* Sources */ = {
			isa = PBXSourcesBuildPhase;
			buildActionMask = 2147483647;
			files = (
				A1085C771C9E097A00F67E98 /* ViewController.swift in Sources */,
				A1085C751C9E097A00F67E98 /* AppDelegate.swift in Sources */,
			);
			runOnlyForDeploymentPostprocessing = 0;
		};
/* End PBXSourcesBuildPhase section */

/* Begin PBXVariantGroup section */
		A1085C781C9E097A00F67E98 /* Main.storyboard */ = {
			isa = PBXVariantGroup;
			children = (
				A1085C791C9E097A00F67E98 /* Base */,
			);
			name = Main.storyboard;
			sourceTree = "<group>";
		};
		A1085C7D1C9E097A00F67E98 /* LaunchScreen.storyboard */ = {
			isa = PBXVariantGroup;
			children = (
				A1085C7E1C9E097A00F67E98 /* Base */,
			);
			name = LaunchScreen.storyboard;
			sourceTree = "<group>";
		};
/* End PBXVariantGroup section */

/* Begin XCBuildConfiguration section */
		A1085C811C9E097A00F67E98 /* Debug */ = {
			isa = XCBuildConfiguration;
			buildSettings = {
				ALWAYS_SEARCH_USER_PATHS = NO;
				CLANG_CXX_LANGUAGE_STANDARD = "gnu++0x";
				CLANG_CXX_LIBRARY = "libc++";
				CLANG_ENABLE_MODULES = YES;
				CLANG_ENABLE_OBJC_ARC = YES;
				CLANG_WARN_BOOL_CONVERSION = YES;
				CLANG_WARN_CONSTANT_CONVERSION = YES;
				CLANG_WARN_DIRECT_OBJC_ISA_USAGE = YES_ERROR;
				CLANG_WARN_EMPTY_BODY = YES;
				CLANG_WARN_ENUM_CONVERSION = YES;
				CLANG_WARN_INT_CONVERSION = YES;
				CLANG_WARN_OBJC_ROOT_CLASS = YES_ERROR;
				CLANG_WARN_UNREACHABLE_CODE = YES;
				CLANG_WARN__DUPLICATE_METHOD_MATCH = YES;
				"CODE_SIGN_IDENTITY[sdk=iphoneos*]" = "iPhone Developer";
				COPY_PHASE_STRIP = NO;
				DEBUG_INFORMATION_FORMAT = dwarf;
				ENABLE_STRICT_OBJC_MSGSEND = YES;
				ENABLE_TESTABILITY = YES;
				GCC_C_LANGUAGE_STANDARD = gnu99;
				GCC_DYNAMIC_NO_PIC = NO;
				GCC_NO_COMMON_BLOCKS = YES;
				GCC_OPTIMIZATION_LEVEL = 0;
				GCC_PREPROCESSOR_DEFINITIONS = (
					"DEBUG=1",
					"$(inherited)",
				);
				GCC_WARN_64_TO_32_BIT_CONVERSION = YES;
				GCC_WARN_ABOUT_RETURN_TYPE = YES_ERROR;
				GCC_WARN_UNDECLARED_SELECTOR = YES;
				GCC_WARN_UNINITIALIZED_AUTOS = YES_AGGRESSIVE;
				GCC_WARN_UNUSED_FUNCTION = YES;
				GCC_WARN_UNUSED_VARIABLE = YES;
				IPHONEOS_DEPLOYMENT_TARGET = 9.2;
				MTL_ENABLE_DEBUG_INFO = YES;
				ONLY_ACTIVE_ARCH = YES;
				SDKROOT = iphoneos;
				SWIFT_OPTIMIZATION_LEVEL = "-Onone";
				TARGETED_DEVICE_FAMILY = "1,2";
			};
			name = Debug;
		};
		A1085C821C9E097A00F67E98 /* Release */ = {
			isa = XCBuildConfiguration;
			buildSettings = {
				ALWAYS_SEARCH_USER_PATHS = NO;
				CLANG_CXX_LANGUAGE_STANDARD = "gnu++0x";
				CLANG_CXX_LIBRARY = "libc++";
				CLANG_ENABLE_MODULES = YES;
				CLANG_ENABLE_OBJC_ARC = YES;
				CLANG_WARN_BOOL_CONVERSION = YES;
				CLANG_WARN_CONSTANT_CONVERSION = YES;
				CLANG_WARN_DIRECT_OBJC_ISA_USAGE = YES_ERROR;
				CLANG_WARN_EMPTY_BODY = YES;
				CLANG_WARN_ENUM_CONVERSION = YES;
				CLANG_WARN_INT_CONVERSION = YES;
				CLANG_WARN_OBJC_ROOT_CLASS = YES_ERROR;
				CLANG_WARN_UNREACHABLE_CODE = YES;
				CLANG_WARN__DUPLICATE_METHOD_MATCH = YES;
				"CODE_SIGN_IDENTITY[sdk=iphoneos*]" = "iPhone Developer";
				COPY_PHASE_STRIP = NO;
				DEBUG_INFORMATION_FORMAT = "dwarf-with-dsym";
				ENABLE_NS_ASSERTIONS = NO;
				ENABLE_STRICT_OBJC_MSGSEND = YES;
				GCC_C_LANGUAGE_STANDARD = gnu99;
				GCC_NO_COMMON_BLOCKS = YES;
				GCC_WARN_64_TO_32_BIT_CONVERSION = YES;
				GCC_WARN_ABOUT_RETURN_TYPE = YES_ERROR;
				GCC_WARN_UNDECLARED_SELECTOR = YES;
				GCC_WARN_UNINITIALIZED_AUTOS = YES_AGGRESSIVE;
				GCC_WARN_UNUSED_FUNCTION = YES;
				GCC_WARN_UNUSED_VARIABLE = YES;
				IPHONEOS_DEPLOYMENT_TARGET = 9.2;
				MTL_ENABLE_DEBUG_INFO = NO;
				SDKROOT = iphoneos;
				TARGETED_DEVICE_FAMILY = "1,2";
				VALIDATE_PRODUCT = YES;
			};
			name = Release;
		};
		A1085C841C9E097A00F67E98 /* Debug */ = {
			isa = XCBuildConfiguration;
			buildSettings = {
				ASSETCATALOG_COMPILER_APPICON_NAME = AppIcon;
				INFOPLIST_FILE = gitHubPractice2/Info.plist;
				LD_RUNPATH_SEARCH_PATHS = "$(inherited) @executable_path/Frameworks";
				PRODUCT_BUNDLE_IDENTIFIER = com.chrishovey.gitHubPractice2;
				PRODUCT_NAME = "$(TARGET_NAME)";
			};
			name = Debug;
		};
		A1085C851C9E097A00F67E98 /* Release */ = {
			isa = XCBuildConfiguration;
			buildSettings = {
				ASSETCATALOG_COMPILER_APPICON_NAME = AppIcon;
				INFOPLIST_FILE = gitHubPractice2/Info.plist;
				LD_RUNPATH_SEARCH_PATHS = "$(inherited) @executable_path/Frameworks";
				PRODUCT_BUNDLE_IDENTIFIER = com.chrishovey.gitHubPractice2;
				PRODUCT_NAME = "$(TARGET_NAME)";
			};
			name = Release;
		};
/* End XCBuildConfiguration section */

/* Begin XCConfigurationList section */
		A1085C6C1C9E097A00F67E98 /* Build configuration list for PBXProject "gitHubPractice2" */ = {
			isa = XCConfigurationList;
			buildConfigurations = (
				A1085C811C9E097A00F67E98 /* Debug */,
				A1085C821C9E097A00F67E98 /* Release */,
			);
			defaultConfigurationIsVisible = 0;
			defaultConfigurationName = Release;
		};
		A1085C831C9E097A00F67E98 /* Build configuration list for PBXNativeTarget "gitHubPractice2" */ = {
			isa = XCConfigurationList;
			buildConfigurations = (
				A1085C841C9E097A00F67E98 /* Debug */,
				A1085C851C9E097A00F67E98 /* Release */,
			);
			defaultConfigurationIsVisible = 0;
		};
/* End XCConfigurationList section */
	};
	rootObject = A1085C691C9E097A00F67E98 /* Project object */;
}
